
Microsoft Visual Studio Solution File, Format Version 12.00
# Visual Studio Version 17
VisualStudioVersion = 17.0.31919.166
MinimumVisualStudioVersion = 10.0.40219.1
Project("{9A19103F-16F7-4668-BE54-9A1E7A4F7556}") = "API", "API\API.csproj", "{B5687200-0782-41ED-818A-CEBB9DA729A9}"
EndProject
Project("{2150E333-8FDC-42A3-9474-1A3956D46DE8}") = "Solution Items", "Solution Items", "{177A1E25-6862-4408-9C9E-9D32EE8E9849}"
	ProjectSection(SolutionItems) = preProject
		Instructions.txt = Instructions.txt
	EndProjectSection
EndProject
Project("{FAE04EC0-301F-11D3-BF4B-00C04F79EFBC}") = "Domain", "Domain\Domain.csproj", "{13FD98DD-B421-4C8C-A69F-F87CB13659C8}"
EndProject
Project("{FAE04EC0-301F-11D3-BF4B-00C04F79EFBC}") = "Application", "Application\Application.csproj", "{97072B7F-B71D-4005-A1EB-6258B0DB4045}"
EndProject
Project("{FAE04EC0-301F-11D3-BF4B-00C04F79EFBC}") = "Infrastructure", "Infrastructure\Infrastructure.csproj", "{F75FF530-AC9A-4929-9502-F1E252686021}"
EndProject
Project("{FAE04EC0-301F-11D3-BF4B-00C04F79EFBC}") = "Tests", "Tests\Tests.csproj", "{D66A026C-90EE-465D-8248-27F323DB98EA}"
EndProject
Global
	GlobalSection(SolutionConfigurationPlatforms) = preSolution
		Debug|Any CPU = Debug|Any CPU
		Debug|x64 = Debug|x64
		Debug|x86 = Debug|x86
		Release|Any CPU = Release|Any CPU
		Release|x64 = Release|x64
		Release|x86 = Release|x86
	EndGlobalSection
	GlobalSection(ProjectConfigurationPlatforms) = postSolution
		{B5687200-0782-41ED-818A-CEBB9DA729A9}.Debug|Any CPU.ActiveCfg = Debug|Any CPU
		{B5687200-0782-41ED-818A-CEBB9DA729A9}.Debug|Any CPU.Build.0 = Debug|Any CPU
		{B5687200-0782-41ED-818A-CEBB9DA729A9}.Debug|x64.ActiveCfg = Debug|Any CPU
		{B5687200-0782-41ED-818A-CEBB9DA729A9}.Debug|x64.Build.0 = Debug|Any CPU
		{B5687200-0782-41ED-818A-CEBB9DA729A9}.Debug|x86.ActiveCfg = Debug|Any CPU
		{B5687200-0782-41ED-818A-CEBB9DA729A9}.Debug|x86.Build.0 = Debug|Any CPU
		{B5687200-0782-41ED-818A-CEBB9DA729A9}.Release|Any CPU.ActiveCfg = Release|Any CPU
		{B5687200-0782-41ED-818A-CEBB9DA729A9}.Release|Any CPU.Build.0 = Release|Any CPU
		{B5687200-0782-41ED-818A-CEBB9DA729A9}.Release|x64.ActiveCfg = Release|Any CPU
		{B5687200-0782-41ED-818A-CEBB9DA729A9}.Release|x64.Build.0 = Release|Any CPU
		{B5687200-0782-41ED-818A-CEBB9DA729A9}.Release|x86.ActiveCfg = Release|Any CPU
		{B5687200-0782-41ED-818A-CEBB9DA729A9}.Release|x86.Build.0 = Release|Any CPU
		{13FD98DD-B421-4C8C-A69F-F87CB13659C8}.Debug|Any CPU.ActiveCfg = Debug|Any CPU
		{13FD98DD-B421-4C8C-A69F-F87CB13659C8}.Debug|Any CPU.Build.0 = Debug|Any CPU
		{13FD98DD-B421-4C8C-A69F-F87CB13659C8}.Debug|x64.ActiveCfg = Debug|Any CPU
		{13FD98DD-B421-4C8C-A69F-F87CB13659C8}.Debug|x64.Build.0 = Debug|Any CPU
		{13FD98DD-B421-4C8C-A69F-F87CB13659C8}.Debug|x86.ActiveCfg = Debug|Any CPU
		{13FD98DD-B421-4C8C-A69F-F87CB13659C8}.Debug|x86.Build.0 = Debug|Any CPU
		{13FD98DD-B421-4C8C-A69F-F87CB13659C8}.Release|Any CPU.ActiveCfg = Release|Any CPU
		{13FD98DD-B421-4C8C-A69F-F87CB13659C8}.Release|Any CPU.Build.0 = Release|Any CPU
		{13FD98DD-B421-4C8C-A69F-F87CB13659C8}.Release|x64.ActiveCfg = Release|Any CPU
		{13FD98DD-B421-4C8C-A69F-F87CB13659C8}.Release|x64.Build.0 = Release|Any CPU
		{13FD98DD-B421-4C8C-A69F-F87CB13659C8}.Release|x86.ActiveCfg = Release|Any CPU
		{13FD98DD-B421-4C8C-A69F-F87CB13659C8}.Release|x86.Build.0 = Release|Any CPU
		{97072B7F-B71D-4005-A1EB-6258B0DB4045}.Debug|Any CPU.ActiveCfg = Debug|Any CPU
		{97072B7F-B71D-4005-A1EB-6258B0DB4045}.Debug|Any CPU.Build.0 = Debug|Any CPU
		{97072B7F-B71D-4005-A1EB-6258B0DB4045}.Debug|x64.ActiveCfg = Debug|Any CPU
		{97072B7F-B71D-4005-A1EB-6258B0DB4045}.Debug|x64.Build.0 = Debug|Any CPU
		{97072B7F-B71D-4005-A1EB-6258B0DB4045}.Debug|x86.ActiveCfg = Debug|Any CPU
		{97072B7F-B71D-4005-A1EB-6258B0DB4045}.Debug|x86.Build.0 = Debug|Any CPU
		{97072B7F-B71D-4005-A1EB-6258B0DB4045}.Release|Any CPU.ActiveCfg = Release|Any CPU
		{97072B7F-B71D-4005-A1EB-6258B0DB4045}.Release|Any CPU.Build.0 = Release|Any CPU
		{97072B7F-B71D-4005-A1EB-6258B0DB4045}.Release|x64.ActiveCfg = Release|Any CPU
		{97072B7F-B71D-4005-A1EB-6258B0DB4045}.Release|x64.Build.0 = Release|Any CPU
		{97072B7F-B71D-4005-A1EB-6258B0DB4045}.Release|x86.ActiveCfg = Release|Any CPU
		{97072B7F-B71D-4005-A1EB-6258B0DB4045}.Release|x86.Build.0 = Release|Any CPU
		{F75FF530-AC9A-4929-9502-F1E252686021}.Debug|Any CPU.ActiveCfg = Debug|Any CPU
		{F75FF530-AC9A-4929-9502-F1E252686021}.Debug|Any CPU.Build.0 = Debug|Any CPU
		{F75FF530-AC9A-4929-9502-F1E252686021}.Debug|x64.ActiveCfg = Debug|Any CPU
		{F75FF530-AC9A-4929-9502-F1E252686021}.Debug|x64.Build.0 = Debug|Any CPU
		{F75FF530-AC9A-4929-9502-F1E252686021}.Debug|x86.ActiveCfg = Debug|Any CPU
		{F75FF530-AC9A-4929-9502-F1E252686021}.Debug|x86.Build.0 = Debug|Any CPU
		{F75FF530-AC9A-4929-9502-F1E252686021}.Release|Any CPU.ActiveCfg = Release|Any CPU
		{F75FF530-AC9A-4929-9502-F1E252686021}.Release|Any CPU.Build.0 = Release|Any CPU
		{F75FF530-AC9A-4929-9502-F1E252686021}.Release|x64.ActiveCfg = Release|Any CPU
		{F75FF530-AC9A-4929-9502-F1E252686021}.Release|x64.Build.0 = Release|Any CPU
		{F75FF530-AC9A-4929-9502-F1E252686021}.Release|x86.ActiveCfg = Release|Any CPU
		{F75FF530-AC9A-4929-9502-F1E252686021}.Release|x86.Build.0 = Release|Any CPU
		{D66A026C-90EE-465D-8248-27F323DB98EA}.Debug|Any CPU.ActiveCfg = Debug|Any CPU
		{D66A026C-90EE-465D-8248-27F323DB98EA}.Debug|Any CPU.Build.0 = Debug|Any CPU
		{D66A026C-90EE-465D-8248-27F323DB98EA}.Debug|x64.ActiveCfg = Debug|Any CPU
		{D66A026C-90EE-465D-8248-27F323DB98EA}.Debug|x64.Build.0 = Debug|Any CPU
		{D66A026C-90EE-465D-8248-27F323DB98EA}.Debug|x86.ActiveCfg = Debug|Any CPU
		{D66A026C-90EE-465D-8248-27F323DB98EA}.Debug|x86.Build.0 = Debug|Any CPU
		{D66A026C-90EE-465D-8248-27F323DB98EA}.Release|Any CPU.ActiveCfg = Release|Any CPU
		{D66A026C-90EE-465D-8248-27F323DB98EA}.Release|Any CPU.Build.0 = Release|Any CPU
		{D66A026C-90EE-465D-8248-27F323DB98EA}.Release|x64.ActiveCfg = Release|Any CPU
		{D66A026C-90EE-465D-8248-27F323DB98EA}.Release|x64.Build.0 = Release|Any CPU
		{D66A026C-90EE-465D-8248-27F323DB98EA}.Release|x86.ActiveCfg = Release|Any CPU
		{D66A026C-90EE-465D-8248-27F323DB98EA}.Release|x86.Build.0 = Release|Any CPU
	EndGlobalSection
	GlobalSection(SolutionProperties) = preSolution
		HideSolutionNode = FALSE
	EndGlobalSection
	GlobalSection(ExtensibilityGlobals) = postSolution
		SolutionGuid = {C302491D-68B0-4303-9BC9-5CE329E13BBE}
	EndGlobalSection
EndGlobal
